// !$*UTF8*$!
{
	archiveVersion = 1;
	classes = {
	};
	objectVersion = 56;
	objects = {

/* Begin PBXBuildFile section */
		53CA9E9F2971ACCE00D79FF8 /* Theme.swift in Sources */ = {isa = PBXBuildFile; fileRef = 53CA9E9E2971ACCE00D79FF8 /* Theme.swift */; };
		53CA9EA12971AE6900D79FF8 /* DailyScrum.swift in Sources */ = {isa = PBXBuildFile; fileRef = 53CA9EA02971AE6900D79FF8 /* DailyScrum.swift */; };
		53CA9EAB2971C20900D79FF8 /* CardView.swift in Sources */ = {isa = PBXBuildFile; fileRef = 53CA9EAA2971C20900D79FF8 /* CardView.swift */; };
		53CA9EAD2971C60300D79FF8 /* TrailingIconLabelStyle.swift in Sources */ = {isa = PBXBuildFile; fileRef = 53CA9EAC2971C60300D79FF8 /* TrailingIconLabelStyle.swift */; };
		53FF4E042970512700B1665D /* ScrumdingerApp.swift in Sources */ = {isa = PBXBuildFile; fileRef = 53FF4E032970512700B1665D /* ScrumdingerApp.swift */; };
		53FF4E062970512700B1665D /* Meetingview.swift in Sources */ = {isa = PBXBuildFile; fileRef = 53FF4E052970512700B1665D /* Meetingview.swift */; };
		53FF4E082970512800B1665D /* Assets.xcassets in Resources */ = {isa = PBXBuildFile; fileRef = 53FF4E072970512800B1665D /* Assets.xcassets */; };
		53FF4E0B2970512800B1665D /* Preview Assets.xcassets in Resources */ = {isa = PBXBuildFile; fileRef = 53FF4E0A2970512800B1665D /* Preview Assets.xcassets */; };
		53FF4E162970512800B1665D /* ScrumdingerTests.swift in Sources */ = {isa = PBXBuildFile; fileRef = 53FF4E152970512800B1665D /* ScrumdingerTests.swift */; };
		53FF4E202970512800B1665D /* ScrumdingerUITests.swift in Sources */ = {isa = PBXBuildFile; fileRef = 53FF4E1F2970512800B1665D /* ScrumdingerUITests.swift */; };
		53FF4E222970512800B1665D /* ScrumdingerUITestsLaunchTests.swift in Sources */ = {isa = PBXBuildFile; fileRef = 53FF4E212970512800B1665D /* ScrumdingerUITestsLaunchTests.swift */; };
/* End PBXBuildFile section */

/* Begin PBXContainerItemProxy section */
		53FF4E122970512800B1665D /* PBXContainerItemProxy */ = {
			isa = PBXContainerItemProxy;
			containerPortal = 53FF4DF82970512700B1665D /* Project object */;
			proxyType = 1;
			remoteGlobalIDString = 53FF4DFF2970512700B1665D;
			remoteInfo = Scrumdinger;
		};
		53FF4E1C2970512800B1665D /* PBXContainerItemProxy */ = {
			isa = PBXContainerItemProxy;
			containerPortal = 53FF4DF82970512700B1665D /* Project object */;
			proxyType = 1;
			remoteGlobalIDString = 53FF4DFF2970512700B1665D;
			remoteInfo = Scrumdinger;
		};
/* End PBXContainerItemProxy section */

/* Begin PBXFileReference section */
		53CA9E9E2971ACCE00D79FF8 /* Theme.swift */ = {isa = PBXFileReference; lastKnownFileType = sourcecode.swift; path = Theme.swift; sourceTree = "<group>"; };
		53CA9EA02971AE6900D79FF8 /* DailyScrum.swift */ = {isa = PBXFileReference; lastKnownFileType = sourcecode.swift; path = DailyScrum.swift; sourceTree = "<group>"; };
		53CA9EAA2971C20900D79FF8 /* CardView.swift */ = {isa = PBXFileReference; lastKnownFileType = sourcecode.swift; path = CardView.swift; sourceTree = "<group>"; };
		53CA9EAC2971C60300D79FF8 /* TrailingIconLabelStyle.swift */ = {isa = PBXFileReference; lastKnownFileType = sourcecode.swift; path = TrailingIconLabelStyle.swift; sourceTree = "<group>"; };
		53FF4E002970512700B1665D /* Scrumdinger.app */ = {isa = PBXFileReference; explicitFileType = wrapper.application; includeInIndex = 0; path = Scrumdinger.app; sourceTree = BUILT_PRODUCTS_DIR; };
		53FF4E032970512700B1665D /* ScrumdingerApp.swift */ = {isa = PBXFileReference; lastKnownFileType = sourcecode.swift; path = ScrumdingerApp.swift; sourceTree = "<group>"; };
		53FF4E052970512700B1665D /* Meetingview.swift */ = {isa = PBXFileReference; lastKnownFileType = sourcecode.swift; path = Meetingview.swift; sourceTree = "<group>"; };
		53FF4E072970512800B1665D /* Assets.xcassets */ = {isa = PBXFileReference; lastKnownFileType = folder.assetcatalog; path = Assets.xcassets; sourceTree = "<group>"; };
		53FF4E0A2970512800B1665D /* Preview Assets.xcassets */ = {isa = PBXFileReference; lastKnownFileType = folder.assetcatalog; path = "Preview Assets.xcassets"; sourceTree = "<group>"; };
		53FF4E0C2970512800B1665D /* Scrumdinger.entitlements */ = {isa = PBXFileReference; lastKnownFileType = text.plist.entitlements; path = Scrumdinger.entitlements; sourceTree = "<group>"; };
		53FF4E112970512800B1665D /* ScrumdingerTests.xctest */ = {isa = PBXFileReference; explicitFileType = wrapper.cfbundle; includeInIndex = 0; path = ScrumdingerTests.xctest; sourceTree = BUILT_PRODUCTS_DIR; };
		53FF4E152970512800B1665D /* ScrumdingerTests.swift */ = {isa = PBXFileReference; lastKnownFileType = sourcecode.swift; path = ScrumdingerTests.swift; sourceTree = "<group>"; };
		53FF4E1B2970512800B1665D /* ScrumdingerUITests.xctest */ = {isa = PBXFileReference; explicitFileType = wrapper.cfbundle; includeInIndex = 0; path = ScrumdingerUITests.xctest; sourceTree = BUILT_PRODUCTS_DIR; };
		53FF4E1F2970512800B1665D /* ScrumdingerUITests.swift */ = {isa = PBXFileReference; lastKnownFileType = sourcecode.swift; path = ScrumdingerUITests.swift; sourceTree = "<group>"; };
		53FF4E212970512800B1665D /* ScrumdingerUITestsLaunchTests.swift */ = {isa = PBXFileReference; lastKnownFileType = sourcecode.swift; path = ScrumdingerUITestsLaunchTests.swift; sourceTree = "<group>"; };
/* End PBXFileReference section */

/* Begin PBXFrameworksBuildPhase section */
		53FF4DFD2970512700B1665D /* Frameworks */ = {
			isa = PBXFrameworksBuildPhase;
			buildActionMask = 2147483647;
			files = (
			);
			runOnlyForDeploymentPostprocessing = 0;
		};
		53FF4E0E2970512800B1665D /* Frameworks */ = {
			isa = PBXFrameworksBuildPhase;
			buildActionMask = 2147483647;
			files = (
			);
			runOnlyForDeploymentPostprocessing = 0;
		};
		53FF4E182970512800B1665D /* Frameworks */ = {
			isa = PBXFrameworksBuildPhase;
			buildActionMask = 2147483647;
			files = (
			);
			runOnlyForDeploymentPostprocessing = 0;
		};
/* End PBXFrameworksBuildPhase section */

/* Begin PBXGroup section */
		53CA9E9D2971ACA100D79FF8 /* Models */ = {
			isa = PBXGroup;
			children = (
				53CA9E9E2971ACCE00D79FF8 /* Theme.swift */,
				53CA9EA02971AE6900D79FF8 /* DailyScrum.swift */,
			);
			path = Models;
			sourceTree = "<group>";
		};
		53FF4DF72970512700B1665D = {
			isa = PBXGroup;
			children = (
				53FF4E022970512700B1665D /* Scrumdinger */,
				53FF4E142970512800B1665D /* ScrumdingerTests */,
				53FF4E1E2970512800B1665D /* ScrumdingerUITests */,
				53FF4E012970512700B1665D /* Products */,
			);
			sourceTree = "<group>";
		};
		53FF4E012970512700B1665D /* Products */ = {
			isa = PBXGroup;
			children = (
				53FF4E002970512700B1665D /* Scrumdinger.app */,
				53FF4E112970512800B1665D /* ScrumdingerTests.xctest */,
				53FF4E1B2970512800B1665D /* ScrumdingerUITests.xctest */,
			);
			name = Products;
			sourceTree = "<group>";
		};
		53FF4E022970512700B1665D /* Scrumdinger */ = {
			isa = PBXGroup;
			children = (
				53CA9E9D2971ACA100D79FF8 /* Models */,
				53FF4E032970512700B1665D /* ScrumdingerApp.swift */,
				53CA9EAA2971C20900D79FF8 /* CardView.swift */,
				53FF4E052970512700B1665D /* Meetingview.swift */,
				53CA9EAC2971C60300D79FF8 /* TrailingIconLabelStyle.swift */,
				53FF4E072970512800B1665D /* Assets.xcassets */,
				53FF4E0C2970512800B1665D /* Scrumdinger.entitlements */,
				53FF4E092970512800B1665D /* Preview Content */,
			);
			path = Scrumdinger;
			sourceTree = "<group>";
		};
		53FF4E092970512800B1665D /* Preview Content */ = {
			isa = PBXGroup;
			children = (
				53FF4E0A2970512800B1665D /* Preview Assets.xcassets */,
			);
			path = "Preview Content";
			sourceTree = "<group>";
		};
		53FF4E142970512800B1665D /* ScrumdingerTests */ = {
			isa = PBXGroup;
			children = (
				53FF4E152970512800B1665D /* ScrumdingerTests.swift */,
			);
			path = ScrumdingerTests;
			sourceTree = "<group>";
		};
		53FF4E1E2970512800B1665D /* ScrumdingerUITests */ = {
			isa = PBXGroup;
			children = (
				53FF4E1F2970512800B1665D /* ScrumdingerUITests.swift */,
				53FF4E212970512800B1665D /* ScrumdingerUITestsLaunchTests.swift */,
			);
			path = ScrumdingerUITests;
			sourceTree = "<group>";
		};
/* End PBXGroup section */

/* Begin PBXNativeTarget section */
		53FF4DFF2970512700B1665D /* Scrumdinger */ = {
			isa = PBXNativeTarget;
			buildConfigurationList = 53FF4E252970512800B1665D /* Build configuration list for PBXNativeTarget "Scrumdinger" */;
			buildPhases = (
				53FF4DFC2970512700B1665D /* Sources */,
				53FF4DFD2970512700B1665D /* Frameworks */,
				53FF4DFE2970512700B1665D /* Resources */,
			);
			buildRules = (
			);
			dependencies = (
			);
			name = Scrumdinger;
			productName = Scrumdinger;
			productReference = 53FF4E002970512700B1665D /* Scrumdinger.app */;
			productType = "com.apple.product-type.application";
		};
		53FF4E102970512800B1665D /* ScrumdingerTests */ = {
			isa = PBXNativeTarget;
			buildConfigurationList = 53FF4E282970512800B1665D /* Build configuration list for PBXNativeTarget "ScrumdingerTests" */;
			buildPhases = (
				53FF4E0D2970512800B1665D /* Sources */,
				53FF4E0E2970512800B1665D /* Frameworks */,
				53FF4E0F2970512800B1665D /* Resources */,
			);
			buildRules = (
			);
			dependencies = (
				53FF4E132970512800B1665D /* PBXTargetDependency */,
			);
			name = ScrumdingerTests;
			productName = ScrumdingerTests;
			productReference = 53FF4E112970512800B1665D /* ScrumdingerTests.xctest */;
			productType = "com.apple.product-type.bundle.unit-test";
		};
		53FF4E1A2970512800B1665D /* ScrumdingerUITests */ = {
			isa = PBXNativeTarget;
			buildConfigurationList = 53FF4E2B2970512800B1665D /* Build configuration list for PBXNativeTarget "ScrumdingerUITests" */;
			buildPhases = (
				53FF4E172970512800B1665D /* Sources */,
				53FF4E182970512800B1665D /* Frameworks */,
				53FF4E192970512800B1665D /* Resources */,
			);
			buildRules = (
			);
			dependencies = (
				53FF4E1D2970512800B1665D /* PBXTargetDependency */,
			);
			name = ScrumdingerUITests;
			productName = ScrumdingerUITests;
			productReference = 53FF4E1B2970512800B1665D /* ScrumdingerUITests.xctest */;
			productType = "com.apple.product-type.bundle.ui-testing";
		};
/* End PBXNativeTarget section */

/* Begin PBXProject section */
		53FF4DF82970512700B1665D /* Project object */ = {
			isa = PBXProject;
			attributes = {
				BuildIndependentTargetsInParallel = 1;
				LastSwiftUpdateCheck = 1420;
				LastUpgradeCheck = 1420;
				TargetAttributes = {
					53FF4DFF2970512700B1665D = {
						CreatedOnToolsVersion = 14.2;
					};
					53FF4E102970512800B1665D = {
						CreatedOnToolsVersion = 14.2;
						TestTargetID = 53FF4DFF2970512700B1665D;
					};
					53FF4E1A2970512800B1665D = {
						CreatedOnToolsVersion = 14.2;
						TestTargetID = 53FF4DFF2970512700B1665D;
					};
				};
			};
			buildConfigurationList = 53FF4DFB2970512700B1665D /* Build configuration list for PBXProject "Scrumdinger" */;
			compatibilityVersion = "Xcode 14.0";
			developmentRegion = en;
			hasScannedForEncodings = 0;
			knownRegions = (
				en,
				Base,
			);
			mainGroup = 53FF4DF72970512700B1665D;
			productRefGroup = 53FF4E012970512700B1665D /* Products */;
			projectDirPath = "";
			projectRoot = "";
			targets = (
				53FF4DFF2970512700B1665D /* Scrumdinger */,
				53FF4E102970512800B1665D /* ScrumdingerTests */,
				53FF4E1A2970512800B1665D /* ScrumdingerUITests */,
			);
		};
/* End PBXProject section */

/* Begin PBXResourcesBuildPhase section */
		53FF4DFE2970512700B1665D /* Resources */ = {
			isa = PBXResourcesBuildPhase;
			buildActionMask = 2147483647;
			files = (
				53FF4E0B2970512800B1665D /* Preview Assets.xcassets in Resources */,
				53FF4E082970512800B1665D /* Assets.xcassets in Resources */,
			);
			runOnlyForDeploymentPostprocessing = 0;
		};
		53FF4E0F2970512800B1665D /* Resources */ = {
			isa = PBXResourcesBuildPhase;
			buildActionMask = 2147483647;
			files = (
			);
			runOnlyForDeploymentPostprocessing = 0;
		};
		53FF4E192970512800B1665D /* Resources */ = {
			isa = PBXResourcesBuildPhase;
			buildActionMask = 2147483647;
			files = (
			);
			runOnlyForDeploymentPostprocessing = 0;
		};
/* End PBXResourcesBuildPhase section */

/* Begin PBXSourcesBuildPhase section */
		53FF4DFC2970512700B1665D /* Sources */ = {
			isa = PBXSourcesBuildPhase;
			buildActionMask = 2147483647;
			files = (
				53CA9EA12971AE6900D79FF8 /* DailyScrum.swift in Sources */,
				53CA9EAD2971C60300D79FF8 /* TrailingIconLabelStyle.swift in Sources */,
				53CA9E9F2971ACCE00D79FF8 /* Theme.swift in Sources */,
				53FF4E062970512700B1665D /* Meetingview.swift in Sources */,
				53FF4E042970512700B1665D /* ScrumdingerApp.swift in Sources */,
				53CA9EAB2971C20900D79FF8 /* CardView.swift in Sources */,
			);
			runOnlyForDeploymentPostprocessing = 0;
		};
		53FF4E0D2970512800B1665D /* Sources */ = {
			isa = PBXSourcesBuildPhase;
			buildActionMask = 2147483647;
			files = (
				53FF4E162970512800B1665D /* ScrumdingerTests.swift in Sources */,
			);
			runOnlyForDeploymentPostprocessing = 0;
		};
		53FF4E172970512800B1665D /* Sources */ = {
			isa = PBXSourcesBuildPhase;
			buildActionMask = 2147483647;
			files = (
				53FF4E222970512800B1665D /* ScrumdingerUITestsLaunchTests.swift in Sources */,
				53FF4E202970512800B1665D /* ScrumdingerUITests.swift in Sources */,
			);
			runOnlyForDeploymentPostprocessing = 0;
		};
/* End PBXSourcesBuildPhase section */

/* Begin PBXTargetDependency section */
		53FF4E132970512800B1665D /* PBXTargetDependency */ = {
			isa = PBXTargetDependency;
			target = 53FF4DFF2970512700B1665D /* Scrumdinger */;
			targetProxy = 53FF4E122970512800B1665D /* PBXContainerItemProxy */;
		};
		53FF4E1D2970512800B1665D /* PBXTargetDependency */ = {
			isa = PBXTargetDependency;
			target = 53FF4DFF2970512700B1665D /* Scrumdinger */;
			targetProxy = 53FF4E1C2970512800B1665D /* PBXContainerItemProxy */;
		};
/* End PBXTargetDependency section */

/* Begin XCBuildConfiguration section */
		53FF4E232970512800B1665D /* Debug */ = {
			isa = XCBuildConfiguration;
			buildSettings = {
				ALWAYS_SEARCH_USER_PATHS = NO;
				CLANG_ANALYZER_NONNULL = YES;
				CLANG_ANALYZER_NUMBER_OBJECT_CONVERSION = YES_AGGRESSIVE;
				CLANG_CXX_LANGUAGE_STANDARD = "gnu++20";
				CLANG_ENABLE_MODULES = YES;
				CLANG_ENABLE_OBJC_ARC = YES;
				CLANG_ENABLE_OBJC_WEAK = YES;
				CLANG_WARN_BLOCK_CAPTURE_AUTORELEASING = YES;
				CLANG_WARN_BOOL_CONVERSION = YES;
				CLANG_WARN_COMMA = YES;
				CLANG_WARN_CONSTANT_CONVERSION = YES;
				CLANG_WARN_DEPRECATED_OBJC_IMPLEMENTATIONS = YES;
				CLANG_WARN_DIRECT_OBJC_ISA_USAGE = YES_ERROR;
				CLANG_WARN_DOCUMENTATION_COMMENTS = YES;
				CLANG_WARN_EMPTY_BODY = YES;
				CLANG_WARN_ENUM_CONVERSION = YES;
				CLANG_WARN_INFINITE_RECURSION = YES;
				CLANG_WARN_INT_CONVERSION = YES;
				CLANG_WARN_NON_LITERAL_NULL_CONVERSION = YES;
				CLANG_WARN_OBJC_IMPLICIT_RETAIN_SELF = YES;
				CLANG_WARN_OBJC_LITERAL_CONVERSION = YES;
				CLANG_WARN_OBJC_ROOT_CLASS = YES_ERROR;
				CLANG_WARN_QUOTED_INCLUDE_IN_FRAMEWORK_HEADER = YES;
				CLANG_WARN_RANGE_LOOP_ANALYSIS = YES;
				CLANG_WARN_STRICT_PROTOTYPES = YES;
				CLANG_WARN_SUSPICIOUS_MOVE = YES;
				CLANG_WARN_UNGUARDED_AVAILABILITY = YES_AGGRESSIVE;
				CLANG_WARN_UNREACHABLE_CODE = YES;
				CLANG_WARN__DUPLICATE_METHOD_MATCH = YES;
				COPY_PHASE_STRIP = NO;
				DEBUG_INFORMATION_FORMAT = dwarf;
				ENABLE_STRICT_OBJC_MSGSEND = YES;
				ENABLE_TESTABILITY = YES;
				GCC_C_LANGUAGE_STANDARD = gnu11;
				GCC_DYNAMIC_NO_PIC = NO;
				GCC_NO_COMMON_BLOCKS = YES;
				GCC_OPTIMIZATION_LEVEL = 0;
				GCC_PREPROCESSOR_DEFINITIONS = (
					"DEBUG=1",
					"$(inherited)",
				);
				GCC_WARN_64_TO_32_BIT_CONVERSION = YES;
				GCC_WARN_ABOUT_RETURN_TYPE = YES_ERROR;
				GCC_WARN_UNDECLARED_SELECTOR = YES;
				GCC_WARN_UNINITIALIZED_AUTOS = YES_AGGRESSIVE;
				GCC_WARN_UNUSED_FUNCTION = YES;
				GCC_WARN_UNUSED_VARIABLE = YES;
				MACOSX_DEPLOYMENT_TARGET = 13.0;
				MTL_ENABLE_DEBUG_INFO = INCLUDE_SOURCE;
				MTL_FAST_MATH = YES;
				ONLY_ACTIVE_ARCH = YES;
				SDKROOT = macosx;
				SWIFT_ACTIVE_COMPILATION_CONDITIONS = DEBUG;
				SWIFT_OPTIMIZATION_LEVEL = "-Onone";
			};
			name = Debug;
		};
		53FF4E242970512800B1665D /* Release */ = {
			isa = XCBuildConfiguration;
			buildSettings = {
				ALWAYS_SEARCH_USER_PATHS = NO;
				CLANG_ANALYZER_NONNULL = YES;
				CLANG_ANALYZER_NUMBER_OBJECT_CONVERSION = YES_AGGRESSIVE;
				CLANG_CXX_LANGUAGE_STANDARD = "gnu++20";
				CLANG_ENABLE_MODULES = YES;
				CLANG_ENABLE_OBJC_ARC = YES;
				CLANG_ENABLE_OBJC_WEAK = YES;
				CLANG_WARN_BLOCK_CAPTURE_AUTORELEASING = YES;
				CLANG_WARN_BOOL_CONVERSION = YES;
				CLANG_WARN_COMMA = YES;
				CLANG_WARN_CONSTANT_CONVERSION = YES;
				CLANG_WARN_DEPRECATED_OBJC_IMPLEMENTATIONS = YES;
				CLANG_WARN_DIRECT_OBJC_ISA_USAGE = YES_ERROR;
				CLANG_WARN_DOCUMENTATION_COMMENTS = YES;
				CLANG_WARN_EMPTY_BODY = YES;
				CLANG_WARN_ENUM_CONVERSION = YES;
				CLANG_WARN_INFINITE_RECURSION = YES;
				CLANG_WARN_INT_CONVERSION = YES;
				CLANG_WARN_NON_LITERAL_NULL_CONVERSION = YES;
				CLANG_WARN_OBJC_IMPLICIT_RETAIN_SELF = YES;
				CLANG_WARN_OBJC_LITERAL_CONVERSION = YES;
				CLANG_WARN_OBJC_ROOT_CLASS = YES_ERROR;
				CLANG_WARN_QUOTED_INCLUDE_IN_FRAMEWORK_HEADER = YES;
				CLANG_WARN_RANGE_LOOP_ANALYSIS = YES;
				CLANG_WARN_STRICT_PROTOTYPES = YES;
				CLANG_WARN_SUSPICIOUS_MOVE = YES;
				CLANG_WARN_UNGUARDED_AVAILABILITY = YES_AGGRESSIVE;
				CLANG_WARN_UNREACHABLE_CODE = YES;
				CLANG_WARN__DUPLICATE_METHOD_MATCH = YES;
				COPY_PHASE_STRIP = NO;
				DEBUG_INFORMATION_FORMAT = "dwarf-with-dsym";
				ENABLE_NS_ASSERTIONS = NO;
				ENABLE_STRICT_OBJC_MSGSEND = YES;
				GCC_C_LANGUAGE_STANDARD = gnu11;
				GCC_NO_COMMON_BLOCKS = YES;
				GCC_WARN_64_TO_32_BIT_CONVERSION = YES;
				GCC_WARN_ABOUT_RETURN_TYPE = YES_ERROR;
				GCC_WARN_UNDECLARED_SELECTOR = YES;
				GCC_WARN_UNINITIALIZED_AUTOS = YES_AGGRESSIVE;
				GCC_WARN_UNUSED_FUNCTION = YES;
				GCC_WARN_UNUSED_VARIABLE = YES;
				MACOSX_DEPLOYMENT_TARGET = 13.0;
				MTL_ENABLE_DEBUG_INFO = NO;
				MTL_FAST_MATH = YES;
				SDKROOT = macosx;
				SWIFT_COMPILATION_MODE = wholemodule;
				SWIFT_OPTIMIZATION_LEVEL = "-O";
			};
			name = Release;
		};
		53FF4E262970512800B1665D /* Debug */ = {
			isa = XCBuildConfiguration;
			buildSettings = {
				ASSETCATALOG_COMPILER_APPICON_NAME = AppIcon;
				ASSETCATALOG_COMPILER_GLOBAL_ACCENT_COLOR_NAME = AccentColor;
				CODE_SIGN_ENTITLEMENTS = Scrumdinger/Scrumdinger.entitlements;
				CODE_SIGN_STYLE = Automatic;
				COMBINE_HIDPI_IMAGES = YES;
				CURRENT_PROJECT_VERSION = 1;
				DEVELOPMENT_ASSET_PATHS = "\"Scrumdinger/Preview Content\"";
				ENABLE_PREVIEWS = YES;
				GENERATE_INFOPLIST_FILE = YES;
				INFOPLIST_KEY_NSHumanReadableCopyright = "";
				LD_RUNPATH_SEARCH_PATHS = (
					"$(inherited)",
					"@executable_path/../Frameworks",
				);
				MARKETING_VERSION = 1.0;
				PRODUCT_BUNDLE_IDENTIFIER = "Sahil-Vishwakarma.Scrumdinger";
				PRODUCT_NAME = "$(TARGET_NAME)";
				SUPPORTED_PLATFORMS = "iphoneos iphonesimulator";
				SUPPORTS_MACCATALYST = NO;
				SUPPORTS_MAC_DESIGNED_FOR_IPHONE_IPAD = NO;
				SWIFT_EMIT_LOC_STRINGS = YES;
				SWIFT_VERSION = 5.0;
				TARGETED_DEVICE_FAMILY = 1;
			};
			name = Debug;
		};
		53FF4E272970512800B1665D /* Release */ = {
			isa = XCBuildConfiguration;
			buildSettings = {
				ASSETCATALOG_COMPILER_APPICON_NAME = AppIcon;
				ASSETCATALOG_COMPILER_GLOBAL_ACCENT_COLOR_NAME = AccentColor;
				CODE_SIGN_ENTITLEMENTS = Scrumdinger/Scrumdinger.entitlements;
				CODE_SIGN_STYLE = Automatic;
				COMBINE_HIDPI_IMAGES = YES;
				CURRENT_PROJECT_VERSION = 1;
				DEVELOPMENT_ASSET_PATHS = "\"Scrumdinger/Preview Content\"";
				ENABLE_PREVIEWS = YES;
				GENERATE_INFOPLIST_FILE = YES;
				INFOPLIST_KEY_NSHumanReadableCopyright = "";
				LD_RUNPATH_SEARCH_PATHS = (
					"$(inherited)",
					"@executable_path/../Frameworks",
				);
				MARKETING_VERSION = 1.0;
				PRODUCT_BUNDLE_IDENTIFIER = "Sahil-Vishwakarma.Scrumdinger";
				PRODUCT_NAME = "$(TARGET_NAME)";
				SUPPORTED_PLATFORMS = "iphoneos iphonesimulator";
				SUPPORTS_MACCATALYST = NO;
				SUPPORTS_MAC_DESIGNED_FOR_IPHONE_IPAD = NO;
				SWIFT_EMIT_LOC_STRINGS = YES;
				SWIFT_VERSION = 5.0;
				TARGETED_DEVICE_FAMILY = 1;
			};
			name = Release;
		};
		53FF4E292970512800B1665D /* Debug */ = {
			isa = XCBuildConfiguration;
			buildSettings = {
				ALWAYS_EMBED_SWIFT_STANDARD_LIBRARIES = YES;
				BUNDLE_LOADER = "$(TEST_HOST)";
				CODE_SIGN_STYLE = Automatic;
				CURRENT_PROJECT_VERSION = 1;
				GENERATE_INFOPLIST_FILE = YES;
				MACOSX_DEPLOYMENT_TARGET = 13.0;
				MARKETING_VERSION = 1.0;
				PRODUCT_BUNDLE_IDENTIFIER = "Sahil-Vishwakarma.ScrumdingerTests";
				PRODUCT_NAME = "$(TARGET_NAME)";
				SWIFT_EMIT_LOC_STRINGS = NO;
				SWIFT_VERSION = 5.0;
				TEST_HOST = "$(BUILT_PRODUCTS_DIR)/Scrumdinger.app/$(BUNDLE_EXECUTABLE_FOLDER_PATH)/Scrumdinger";
			};
			name = Debug;
		};
		53FF4E2A2970512800B1665D /* Release */ = {
			isa = XCBuildConfiguration;
			buildSettings = {
				ALWAYS_EMBED_SWIFT_STANDARD_LIBRARIES = YES;
				BUNDLE_LOADER = "$(TEST_HOST)";
				CODE_SIGN_STYLE = Automatic;
				CURRENT_PROJECT_VERSION = 1;
				GENERATE_INFOPLIST_FILE = YES;
				MACOSX_DEPLOYMENT_TARGET = 13.0;
				MARKETING_VERSION = 1.0;
				PRODUCT_BUNDLE_IDENTIFIER = "Sahil-Vishwakarma.ScrumdingerTests";
				PRODUCT_NAME = "$(TARGET_NAME)";
				SWIFT_EMIT_LOC_STRINGS = NO;
				SWIFT_VERSION = 5.0;
				TEST_HOST = "$(BUILT_PRODUCTS_DIR)/Scrumdinger.app/$(BUNDLE_EXECUTABLE_FOLDER_PATH)/Scrumdinger";
			};
			name = Release;
		};
		53FF4E2C2970512800B1665D /* Debug */ = {
			isa = XCBuildConfiguration;
			buildSettings = {
				ALWAYS_EMBED_SWIFT_STANDARD_LIBRARIES = YES;
				CODE_SIGN_STYLE = Automatic;
				CURRENT_PROJECT_VERSION = 1;
				GENERATE_INFOPLIST_FILE = YES;
				MARKETING_VERSION = 1.0;
				PRODUCT_BUNDLE_IDENTIFIER = "Sahil-Vishwakarma.ScrumdingerUITests";
				PRODUCT_NAME = "$(TARGET_NAME)";
				SWIFT_EMIT_LOC_STRINGS = NO;
				SWIFT_VERSION = 5.0;
				TEST_TARGET_NAME = Scrumdinger;
			};
			name = Debug;
		};
		53FF4E2D2970512800B1665D /* Release */ = {
			isa = XCBuildConfiguration;
			buildSettings = {
				ALWAYS_EMBED_SWIFT_STANDARD_LIBRARIES = YES;
				CODE_SIGN_STYLE = Automatic;
				CURRENT_PROJECT_VERSION = 1;
				GENERATE_INFOPLIST_FILE = YES;
				MARKETING_VERSION = 1.0;
				PRODUCT_BUNDLE_IDENTIFIER = "Sahil-Vishwakarma.ScrumdingerUITests";
				PRODUCT_NAME = "$(TARGET_NAME)";
				SWIFT_EMIT_LOC_STRINGS = NO;
				SWIFT_VERSION = 5.0;
				TEST_TARGET_NAME = Scrumdinger;
			};
			name = Release;
		};
/* End XCBuildConfiguration section */

/* Begin XCConfigurationList section */
		53FF4DFB2970512700B1665D /* Build configuration list for PBXProject "Scrumdinger" */ = {
			isa = XCConfigurationList;
			buildConfigurations = (
				53FF4E232970512800B1665D /* Debug */,
				53FF4E242970512800B1665D /* Release */,
			);
			defaultConfigurationIsVisible = 0;
			defaultConfigurationName = Release;
		};
		53FF4E252970512800B1665D /* Build configuration list for PBXNativeTarget "Scrumdinger" */ = {
			isa = XCConfigurationList;
			buildConfigurations = (
				53FF4E262970512800B1665D /* Debug */,
				53FF4E272970512800B1665D /* Release */,
			);
			defaultConfigurationIsVisible = 0;
			defaultConfigurationName = Release;
		};
		53FF4E282970512800B1665D /* Build configuration list for PBXNativeTarget "ScrumdingerTests" */ = {
			isa = XCConfigurationList;
			buildConfigurations = (
				53FF4E292970512800B1665D /* Debug */,
				53FF4E2A2970512800B1665D /* Release */,
			);
			defaultConfigurationIsVisible = 0;
			defaultConfigurationName = Release;
		};
		53FF4E2B2970512800B1665D /* Build configuration list for PBXNativeTarget "ScrumdingerUITests" */ = {
			isa = XCConfigurationList;
			buildConfigurations = (
				53FF4E2C2970512800B1665D /* Debug */,
				53FF4E2D2970512800B1665D /* Release */,
			);
			defaultConfigurationIsVisible = 0;
			defaultConfigurationName = Release;
		};
/* End XCConfigurationList section */
	};
	rootObject = 53FF4DF82970512700B1665D /* Project object */;
}
